
Microsoft Visual Studio Solution File, Format Version 12.00
# Visual Studio Version 16
VisualStudioVersion = 16.0.29911.84
MinimumVisualStudioVersion = 10.0.40219.1
Project("{FAE04EC0-301F-11D3-BF4B-00C04F79EFBC}") = "lesson3_23.01.21", "lesson3_23.01.21\lesson3_23.01.21.csproj", "{A89120BA-3039-4D58-8F7B-F16E1A0A878A}"
EndProject
Global
	GlobalSection(SolutionConfigurationPlatforms) = preSolution
		Debug|Any CPU = Debug|Any CPU
		Release|Any CPU = Release|Any CPU
	EndGlobalSection
	GlobalSection(ProjectConfigurationPlatforms) = postSolution
		{A89120BA-3039-4D58-8F7B-F16E1A0A878A}.Debug|Any CPU.ActiveCfg = Debug|Any CPU
		{A89120BA-3039-4D58-8F7B-F16E1A0A878A}.Debug|Any CPU.Build.0 = Debug|Any CPU
		{A89120BA-3039-4D58-8F7B-F16E1A0A878A}.Release|Any CPU.ActiveCfg = Release|Any CPU
		{A89120BA-3039-4D58-8F7B-F16E1A0A878A}.Release|Any CPU.Build.0 = Release|Any CPU
	EndGlobalSection
	GlobalSection(SolutionProperties) = preSolution
		HideSolutionNode = FALSE
	EndGlobalSection
	GlobalSection(ExtensibilityGlobals) = postSolution
		SolutionGuid = {3EFF4842-36F4-4A40-BC47-18794DB0E881}
	EndGlobalSection
EndGlobal
